
Microsoft Visual Studio Solution File, Format Version 12.00
# Visual Studio 15
VisualStudioVersion = 15.0.28307.1062
MinimumVisualStudioVersion = 10.0.40219.1
Project("{FAE04EC0-301F-11D3-BF4B-00C04F79EFBC}") = "github", "github\github.csproj", "{B9292E5B-E303-4C8D-8996-92CEF6D7A369}"
EndProject
Global
	GlobalSection(SolutionConfigurationPlatforms) = preSolution
		Debug|Any CPU = Debug|Any CPU
		Release|Any CPU = Release|Any CPU
	EndGlobalSection
	GlobalSection(ProjectConfigurationPlatforms) = postSolution
		{B9292E5B-E303-4C8D-8996-92CEF6D7A369}.Debug|Any CPU.ActiveCfg = Debug|Any CPU
		{B9292E5B-E303-4C8D-8996-92CEF6D7A369}.Debug|Any CPU.Build.0 = Debug|Any CPU
		{B9292E5B-E303-4C8D-8996-92CEF6D7A369}.Release|Any CPU.ActiveCfg = Release|Any CPU
		{B9292E5B-E303-4C8D-8996-92CEF6D7A369}.Release|Any CPU.Build.0 = Release|Any CPU
	EndGlobalSection
	GlobalSection(SolutionProperties) = preSolution
		HideSolutionNode = FALSE
	EndGlobalSection
	GlobalSection(ExtensibilityGlobals) = postSolution
		SolutionGuid = {E0746693-D494-4EB8-9F85-7B1786964DFB}
	EndGlobalSection
EndGlobal
